
Microsoft Visual Studio Solution File, Format Version 12.00
# Visual Studio 2012
Project("{FAE04EC0-301F-11D3-BF4B-00C04F79EFBC}") = "TelerikedIn.Web", "TelerikedIn.Web\TelerikedIn.Web.csproj", "{EF8816D1-4737-46F9-826A-618D6916955C}"
EndProject
Project("{FAE04EC0-301F-11D3-BF4B-00C04F79EFBC}") = "TelerikedIn.Web.Tests", "TelerikedIn.Web.Tests\TelerikedIn.Web.Tests.csproj", "{D8D6E792-8B5B-42F1-AADC-BBF8A5BF92B9}"
EndProject
Project("{FAE04EC0-301F-11D3-BF4B-00C04F79EFBC}") = "TelerikedIn.Model", "TelerikedIn.Model\TelerikedIn.Model.csproj", "{4B9FF25C-EEB3-4E56-8918-A53FBD11BA08}"
EndProject
Project("{FAE04EC0-301F-11D3-BF4B-00C04F79EFBC}") = "DbTest", "DbTest\DbTest.csproj", "{FE2010CD-5C1F-45CF-893A-4FB50F7299F9}"
EndProject
Global
	GlobalSection(SolutionConfigurationPlatforms) = preSolution
		Debug|Any CPU = Debug|Any CPU
		Release|Any CPU = Release|Any CPU
	EndGlobalSection
	GlobalSection(ProjectConfigurationPlatforms) = postSolution
		{EF8816D1-4737-46F9-826A-618D6916955C}.Debug|Any CPU.ActiveCfg = Debug|Any CPU
		{EF8816D1-4737-46F9-826A-618D6916955C}.Debug|Any CPU.Build.0 = Debug|Any CPU
		{EF8816D1-4737-46F9-826A-618D6916955C}.Release|Any CPU.ActiveCfg = Release|Any CPU
		{EF8816D1-4737-46F9-826A-618D6916955C}.Release|Any CPU.Build.0 = Release|Any CPU
		{D8D6E792-8B5B-42F1-AADC-BBF8A5BF92B9}.Debug|Any CPU.ActiveCfg = Debug|Any CPU
		{D8D6E792-8B5B-42F1-AADC-BBF8A5BF92B9}.Debug|Any CPU.Build.0 = Debug|Any CPU
		{D8D6E792-8B5B-42F1-AADC-BBF8A5BF92B9}.Release|Any CPU.ActiveCfg = Release|Any CPU
		{D8D6E792-8B5B-42F1-AADC-BBF8A5BF92B9}.Release|Any CPU.Build.0 = Release|Any CPU
		{4B9FF25C-EEB3-4E56-8918-A53FBD11BA08}.Debug|Any CPU.ActiveCfg = Debug|Any CPU
		{4B9FF25C-EEB3-4E56-8918-A53FBD11BA08}.Debug|Any CPU.Build.0 = Debug|Any CPU
		{4B9FF25C-EEB3-4E56-8918-A53FBD11BA08}.Release|Any CPU.ActiveCfg = Release|Any CPU
		{4B9FF25C-EEB3-4E56-8918-A53FBD11BA08}.Release|Any CPU.Build.0 = Release|Any CPU
		{FE2010CD-5C1F-45CF-893A-4FB50F7299F9}.Debug|Any CPU.ActiveCfg = Debug|Any CPU
		{FE2010CD-5C1F-45CF-893A-4FB50F7299F9}.Debug|Any CPU.Build.0 = Debug|Any CPU
		{FE2010CD-5C1F-45CF-893A-4FB50F7299F9}.Release|Any CPU.ActiveCfg = Release|Any CPU
		{FE2010CD-5C1F-45CF-893A-4FB50F7299F9}.Release|Any CPU.Build.0 = Release|Any CPU
	EndGlobalSection
	GlobalSection(SolutionProperties) = preSolution
		HideSolutionNode = FALSE
	EndGlobalSection
EndGlobal
